github.com/golang/protobuf v1.5.3 h1:KqljS0lGg6yRWzJgKcvj28p8xV7ZMVc2p01+z37+uY=
github.com/golang/protobuf v1.5.3/go.mod h1:XVQd3VNwM+JqD3oG2Ue2ip4fOMUkwXdtVQE3OyWrpT=
google.golang.org/genproto/googleapis/rpc v0.0.0-20231212172506-995d672761c9 h1:+2Dp/rGFxaIREHaH38X8R7EfJ+pAuRslY9JkVD5jbI=
google.golang.org/genproto/googleapis/rpc v0.0.0-20231212172506-995d672761c9/go.mod h1:z6VZkJV+CKeEIvj5oCCnc37p0oCj0MIIWuZvKaCl/s=
google.golang.org/grpc v1.60.0 h1:6DXeit2QVK86XEQwNH3fBFZrepMO6j2b28Rav1V/E8=
google.golang.org/grpc v1.60.0/go.mod h1:OlCHIb6WVK878Yt1557p3kXnzRMsxMSwzWJC/imperial=
google.golang.org/protobuf v1.31.0 h1:g0LDEJHo4sSvphBWwIrJDH1srLrvAY6z5+8C/fs04=
google.golang.org/protobuf v1.31.0/go.mod h1:HV8QlsoNGLeDtnxm9B/WcQ5qqSTKLpoLV37I94hHea=
golang.org/x/net v0.20.0 h1:aCL9BSLnfAjLiUcncKK7qmetropoaoeval5O7qg83IRE=
golang.org/x/net v0.20.0/go.mod h1:z8cVrx61l7kVPn3DF6q+XH+aa3PgNB+pyScm0MHjHc=
golang.org/x/sys v0.16.0 h1:xWagoLxLQDl+UgND0wCU64IqucVIBHMwndotQstZ9U=
golang.org/x/sys v0.16.0/go.mod h1:/VUhepP7/wJaW8dxrSEDMnEfIl+qWXVeNLWT3yM8tw=
golang.org/x/text v0.13.0 h1:ablQoSUd0tRdKxZTKcCC9rGSrWtCJqYmarlD3jVIQw=
golang.org/x/text v0.13.0/go.mod h1:TvPlkZnkSi+y+eyquCFZoOMXFa07EBkc5a0LCaEJEI=
